
Microsoft Visual Studio Solution File, Format Version 12.00
# Visual Studio 15
VisualStudioVersion = 15.0.26124.0
MinimumVisualStudioVersion = 15.0.26124.0
Project("{FAE04EC0-301F-11D3-BF4B-00C04F79EFBC}") = "TodoWeb", "TodoWeb\TodoWeb.csproj", "{6A5D2484-78CD-4CA4-92DE-35E36D2CC8EE}"
EndProject
Project("{FAE04EC0-301F-11D3-BF4B-00C04F79EFBC}") = "TodoWorker", "TodoWorker\TodoWorker.csproj", "{B2B1F636-0B8F-4A8A-A4EE-5D794A3430F7}"
EndProject
Global
	GlobalSection(SolutionConfigurationPlatforms) = preSolution
		Debug|Any CPU = Debug|Any CPU
		Debug|x64 = Debug|x64
		Debug|x86 = Debug|x86
		Release|Any CPU = Release|Any CPU
		Release|x64 = Release|x64
		Release|x86 = Release|x86
	EndGlobalSection
	GlobalSection(SolutionProperties) = preSolution
		HideSolutionNode = FALSE
	EndGlobalSection
	GlobalSection(ProjectConfigurationPlatforms) = postSolution
		{6A5D2484-78CD-4CA4-92DE-35E36D2CC8EE}.Debug|Any CPU.ActiveCfg = Debug|Any CPU
		{6A5D2484-78CD-4CA4-92DE-35E36D2CC8EE}.Debug|Any CPU.Build.0 = Debug|Any CPU
		{6A5D2484-78CD-4CA4-92DE-35E36D2CC8EE}.Debug|x64.ActiveCfg = Debug|Any CPU
		{6A5D2484-78CD-4CA4-92DE-35E36D2CC8EE}.Debug|x64.Build.0 = Debug|Any CPU
		{6A5D2484-78CD-4CA4-92DE-35E36D2CC8EE}.Debug|x86.ActiveCfg = Debug|Any CPU
		{6A5D2484-78CD-4CA4-92DE-35E36D2CC8EE}.Debug|x86.Build.0 = Debug|Any CPU
		{6A5D2484-78CD-4CA4-92DE-35E36D2CC8EE}.Release|Any CPU.ActiveCfg = Release|Any CPU
		{6A5D2484-78CD-4CA4-92DE-35E36D2CC8EE}.Release|Any CPU.Build.0 = Release|Any CPU
		{6A5D2484-78CD-4CA4-92DE-35E36D2CC8EE}.Release|x64.ActiveCfg = Release|Any CPU
		{6A5D2484-78CD-4CA4-92DE-35E36D2CC8EE}.Release|x64.Build.0 = Release|Any CPU
		{6A5D2484-78CD-4CA4-92DE-35E36D2CC8EE}.Release|x86.ActiveCfg = Release|Any CPU
		{6A5D2484-78CD-4CA4-92DE-35E36D2CC8EE}.Release|x86.Build.0 = Release|Any CPU
		{B2B1F636-0B8F-4A8A-A4EE-5D794A3430F7}.Debug|Any CPU.ActiveCfg = Debug|Any CPU
		{B2B1F636-0B8F-4A8A-A4EE-5D794A3430F7}.Debug|Any CPU.Build.0 = Debug|Any CPU
		{B2B1F636-0B8F-4A8A-A4EE-5D794A3430F7}.Debug|x64.ActiveCfg = Debug|Any CPU
		{B2B1F636-0B8F-4A8A-A4EE-5D794A3430F7}.Debug|x64.Build.0 = Debug|Any CPU
		{B2B1F636-0B8F-4A8A-A4EE-5D794A3430F7}.Debug|x86.ActiveCfg = Debug|Any CPU
		{B2B1F636-0B8F-4A8A-A4EE-5D794A3430F7}.Debug|x86.Build.0 = Debug|Any CPU
		{B2B1F636-0B8F-4A8A-A4EE-5D794A3430F7}.Release|Any CPU.ActiveCfg = Release|Any CPU
		{B2B1F636-0B8F-4A8A-A4EE-5D794A3430F7}.Release|Any CPU.Build.0 = Release|Any CPU
		{B2B1F636-0B8F-4A8A-A4EE-5D794A3430F7}.Release|x64.ActiveCfg = Release|Any CPU
		{B2B1F636-0B8F-4A8A-A4EE-5D794A3430F7}.Release|x64.Build.0 = Release|Any CPU
		{B2B1F636-0B8F-4A8A-A4EE-5D794A3430F7}.Release|x86.ActiveCfg = Release|Any CPU
		{B2B1F636-0B8F-4A8A-A4EE-5D794A3430F7}.Release|x86.Build.0 = Release|Any CPU
	EndGlobalSection
EndGlobal
